
Microsoft Visual Studio Solution File, Format Version 11.00
# Visual Studio 2010
Project("{FAE04EC0-301F-11D3-BF4B-00C04F79EFBC}") = "SBD - CCS", "SBD - CCS\SBD - CCS.csproj", "{E9493C9D-166C-44F0-A6BA-D3E4E6EF4F67}"
EndProject
Project("{FAE04EC0-301F-11D3-BF4B-00C04F79EFBC}") = "CrearBDSQLITE", "CrearBDSQLITE\CrearBDSQLITE.csproj", "{CF211F37-DDF6-4EEB-97F9-F817A5A6EFDA}"
EndProject
Project("{FAE04EC0-301F-11D3-BF4B-00C04F79EFBC}") = "ArchivoRuta", "ArchivoRuta\ArchivoRuta.csproj", "{D29FE81C-5346-4D9A-A6DB-8BB02787A239}"
EndProject
Global
	GlobalSection(SolutionConfigurationPlatforms) = preSolution
		Debug|Any CPU = Debug|Any CPU
		Debug|Mixed Platforms = Debug|Mixed Platforms
		Debug|x86 = Debug|x86
		Release|Any CPU = Release|Any CPU
		Release|Mixed Platforms = Release|Mixed Platforms
		Release|x86 = Release|x86
	EndGlobalSection
	GlobalSection(ProjectConfigurationPlatforms) = postSolution
		{E9493C9D-166C-44F0-A6BA-D3E4E6EF4F67}.Debug|Any CPU.ActiveCfg = Debug|x86
		{E9493C9D-166C-44F0-A6BA-D3E4E6EF4F67}.Debug|Mixed Platforms.ActiveCfg = Debug|x86
		{E9493C9D-166C-44F0-A6BA-D3E4E6EF4F67}.Debug|Mixed Platforms.Build.0 = Debug|x86
		{E9493C9D-166C-44F0-A6BA-D3E4E6EF4F67}.Debug|x86.ActiveCfg = Debug|x86
		{E9493C9D-166C-44F0-A6BA-D3E4E6EF4F67}.Debug|x86.Build.0 = Debug|x86
		{E9493C9D-166C-44F0-A6BA-D3E4E6EF4F67}.Release|Any CPU.ActiveCfg = Release|x86
		{E9493C9D-166C-44F0-A6BA-D3E4E6EF4F67}.Release|Mixed Platforms.ActiveCfg = Release|x86
		{E9493C9D-166C-44F0-A6BA-D3E4E6EF4F67}.Release|Mixed Platforms.Build.0 = Release|x86
		{E9493C9D-166C-44F0-A6BA-D3E4E6EF4F67}.Release|x86.ActiveCfg = Release|x86
		{E9493C9D-166C-44F0-A6BA-D3E4E6EF4F67}.Release|x86.Build.0 = Release|x86
		{CF211F37-DDF6-4EEB-97F9-F817A5A6EFDA}.Debug|Any CPU.ActiveCfg = Debug|Any CPU
		{CF211F37-DDF6-4EEB-97F9-F817A5A6EFDA}.Debug|Any CPU.Build.0 = Debug|Any CPU
		{CF211F37-DDF6-4EEB-97F9-F817A5A6EFDA}.Debug|Mixed Platforms.ActiveCfg = Debug|Any CPU
		{CF211F37-DDF6-4EEB-97F9-F817A5A6EFDA}.Debug|Mixed Platforms.Build.0 = Debug|Any CPU
		{CF211F37-DDF6-4EEB-97F9-F817A5A6EFDA}.Debug|x86.ActiveCfg = Debug|Any CPU
		{CF211F37-DDF6-4EEB-97F9-F817A5A6EFDA}.Release|Any CPU.ActiveCfg = Release|Any CPU
		{CF211F37-DDF6-4EEB-97F9-F817A5A6EFDA}.Release|Any CPU.Build.0 = Release|Any CPU
		{CF211F37-DDF6-4EEB-97F9-F817A5A6EFDA}.Release|Mixed Platforms.ActiveCfg = Release|Any CPU
		{CF211F37-DDF6-4EEB-97F9-F817A5A6EFDA}.Release|Mixed Platforms.Build.0 = Release|Any CPU
		{CF211F37-DDF6-4EEB-97F9-F817A5A6EFDA}.Release|x86.ActiveCfg = Release|Any CPU
		{D29FE81C-5346-4D9A-A6DB-8BB02787A239}.Debug|Any CPU.ActiveCfg = Debug|Any CPU
		{D29FE81C-5346-4D9A-A6DB-8BB02787A239}.Debug|Any CPU.Build.0 = Debug|Any CPU
		{D29FE81C-5346-4D9A-A6DB-8BB02787A239}.Debug|Mixed Platforms.ActiveCfg = Debug|Any CPU
		{D29FE81C-5346-4D9A-A6DB-8BB02787A239}.Debug|Mixed Platforms.Build.0 = Debug|Any CPU
		{D29FE81C-5346-4D9A-A6DB-8BB02787A239}.Debug|x86.ActiveCfg = Debug|Any CPU
		{D29FE81C-5346-4D9A-A6DB-8BB02787A239}.Release|Any CPU.ActiveCfg = Release|Any CPU
		{D29FE81C-5346-4D9A-A6DB-8BB02787A239}.Release|Any CPU.Build.0 = Release|Any CPU
		{D29FE81C-5346-4D9A-A6DB-8BB02787A239}.Release|Mixed Platforms.ActiveCfg = Release|Any CPU
		{D29FE81C-5346-4D9A-A6DB-8BB02787A239}.Release|Mixed Platforms.Build.0 = Release|Any CPU
		{D29FE81C-5346-4D9A-A6DB-8BB02787A239}.Release|x86.ActiveCfg = Release|Any CPU
	EndGlobalSection
	GlobalSection(SolutionProperties) = preSolution
		HideSolutionNode = FALSE
	EndGlobalSection
EndGlobal
